<?xml version="1.0" encoding="utf-8"?>
<Project ToolsVersion="17.0" xmlns="http://schemas.microsoft.com/developer/msbuild/2003">
  <ItemGroup>
    <CustomBuild Include="C:\src\OpenGL\NeHe_Lesson03-master\build.cmake\VS2022X64\CMakeFiles\8a9ec33824ae037d23386dba5443b0e0\generate.stamp.rule">
      <Filter>CMake Rules</Filter>
    </CustomBuild>
  </ItemGroup>
  <ItemGroup>
    <Filter Include="CMake Rules">
      <UniqueIdentifier>{C0E8B864-9657-33B7-B20B-E83CE2454D91}</UniqueIdentifier>
    </Filter>
  </ItemGroup>
</Project>
