<?xml version="1.0" encoding="utf-8"?>
<Project ToolsVersion="17.0" xmlns="http://schemas.microsoft.com/developer/msbuild/2003">
  <ItemGroup>
    <ClCompile Include="C:\src\OpenGL\NeHe_Lesson03-master\src\Lesson03.c">
      <Filter>Source Files</Filter>
    </ClCompile>
  </ItemGroup>
  <ItemGroup>
    <CustomBuild Include="C:\src\OpenGL\NeHe_Lesson03-master\CMAKELists.txt" />
  </ItemGroup>
  <ItemGroup>
    <ResourceCompile Include="C:\src\OpenGL\NeHe_Lesson03-master\src\Lesson03.rc">
      <Filter>Source Files</Filter>
    </ResourceCompile>
  </ItemGroup>
  <ItemGroup>
    <Filter Include="Source Files">
      <UniqueIdentifier>{4B5BDE5A-96C6-306A-A722-5804012620CA}</UniqueIdentifier>
    </Filter>
  </ItemGroup>
</Project>
